# THIS IS AN AUTOGENERATED FILE. DO NOT EDIT THIS FILE DIRECTLY.
# yarn lockfile v1


abort-controller@^3.0.0:
  version "3.0.0"
  resolved "https://registry.yarnpkg.com/abort-controller/-/abort-controller-3.0.0.tgz#eaf54d53b62bae4138e809ca225c8439a6efb392"
  integrity sha512-h8lQ8tacZYnR3vNQTgibj+tODHI5/+l06Au2Pcriv/Gmet0eaj4TwWH41sO9wnHDiQsEj19q0drzdWdeAHtweg==
  dependencies:
    event-target-shim "^5.0.0"

event-target-shim@^5.0.0:
  version "5.0.1"
  resolved "https://registry.yarnpkg.com/event-target-shim/-/event-target-shim-5.0.1.tgz#5d4d3ebdf9583d63a5333ce2deb7480ab2b05789"
  integrity sha512-i/2XbnSz/uxRCU6+NdVJgKWDTM427+MqYbkQzD321DuCQJUqOuJKIA0IM2+W2xtYHdKOmZ4dR6fExsd4SXL+WQ==

ky-universal@^0.5.0:
  version "0.5.0"
  resolved "https://registry.yarnpkg.com/ky-universal/-/ky-universal-0.5.0.tgz#16d5fe881fb98e54732a4f0b7d531d44cbf701cb"
  integrity sha512-O+0wjCua5i45lYBZrBy8TyRDRVodtsmzVC/MlE5FN7ZMFu/Icz7ekbZ85sdFw0F/JwGhXZTaKjXq9IgUGwGedQ==
  dependencies:
    abort-controller "^3.0.0"
    node-fetch "^2.6.0"

ky@^0.19.0:
  version "0.19.0"
  resolved "https://registry.yarnpkg.com/ky/-/ky-0.19.0.tgz#d6ad117e89efe2d85a1c2e91462d48ca1cda1f7a"
  integrity sha512-RkDgbg5ahMv1MjHfJI2WJA2+Qbxq0iNSLWhreYiCHeHry9Q12sedCnP5KYGPt7sydDvsyH+8UcG6Kanq5mpsyw==

node-fetch@^2.6.0:
  version "2.6.0"
  resolved "https://registry.yarnpkg.com/node-fetch/-/node-fetch-2.6.0.tgz#e633456386d4aa55863f676a7ab0daa8fdecb0fd"
  integrity sha512-8dG4H5ujfvFiqDmVu9fQ5bOHUC15JMjMY/Zumv26oOvvVJjM67KF8koCWIabKQ1GJIa9r2mMZscBq/TbdOcmNA==
